// !$*UTF8*$!
{
	archiveVersion = 1;
	classes = {
	};
	objectVersion = 50;
	objects = {

/* Begin PBXBuildFile section */
		3FDB14CD2566B6D800BACC4F /* AppDelegate.swift in Sources */ = {isa = PBXBuildFile; fileRef = 3FDB14CC2566B6D800BACC4F /* AppDelegate.swift */; };
		3FDB14CF2566B6D800BACC4F /* SceneDelegate.swift in Sources */ = {isa = PBXBuildFile; fileRef = 3FDB14CE2566B6D800BACC4F /* SceneDelegate.swift */; };
		3FDB14D12566B6D800BACC4F /* ViewController.swift in Sources */ = {isa = PBXBuildFile; fileRef = 3FDB14D02566B6D800BACC4F /* ViewController.swift */; };
		3FDB14D42566B6D800BACC4F /* Main.storyboard in Resources */ = {isa = PBXBuildFile; fileRef = 3FDB14D22566B6D800BACC4F /* Main.storyboard */; };
		3FDB14D62566B6DA00BACC4F /* Assets.xcassets in Resources */ = {isa = PBXBuildFile; fileRef = 3FDB14D52566B6DA00BACC4F /* Assets.xcassets */; };
		3FDB14D92566B6DA00BACC4F /* LaunchScreen.storyboard in Resources */ = {isa = PBXBuildFile; fileRef = 3FDB14D72566B6DA00BACC4F /* LaunchScreen.storyboard */; };
/* End PBXBuildFile section */

/* Begin PBXFileReference section */
		3FDB14C92566B6D800BACC4F /* myAlertApp.app */ = {isa = PBXFileReference; explicitFileType = wrapper.application; includeInIndex = 0; path = myAlertApp.app; sourceTree = BUILT_PRODUCTS_DIR; };
		3FDB14CC2566B6D800BACC4F /* AppDelegate.swift */ = {isa = PBXFileReference; lastKnownFileType = sourcecode.swift; path = AppDelegate.swift; sourceTree = "<group>"; };
		3FDB14CE2566B6D800BACC4F /* SceneDelegate.swift */ = {isa = PBXFileReference; lastKnownFileType = sourcecode.swift; path = SceneDelegate.swift; sourceTree = "<group>"; };
		3FDB14D02566B6D800BACC4F /* ViewController.swift */ = {isa = PBXFileReference; lastKnownFileType = sourcecode.swift; path = ViewController.swift; sourceTree = "<group>"; };
		3FDB14D32566B6D800BACC4F /* Base */ = {isa = PBXFileReference; lastKnownFileType = file.storyboard; name = Base; path = Base.lproj/Main.storyboard; sourceTree = "<group>"; };
		3FDB14D52566B6DA00BACC4F /* Assets.xcassets */ = {isa = PBXFileReference; lastKnownFileType = folder.assetcatalog; path = Assets.xcassets; sourceTree = "<group>"; };
		3FDB14D82566B6DA00BACC4F /* Base */ = {isa = PBXFileReference; lastKnownFileType = file.storyboard; name = Base; path = Base.lproj/LaunchScreen.storyboard; sourceTree = "<group>"; };
		3FDB14DA2566B6DA00BACC4F /* Info.plist */ = {isa = PBXFileReference; lastKnownFileType = text.plist.xml; path = Info.plist; sourceTree = "<group>"; };
/* End PBXFileReference section */

/* Begin PBXFrameworksBuildPhase section */
		3FDB14C62566B6D800BACC4F /* Frameworks */ = {
			isa = PBXFrameworksBuildPhase;
			buildActionMask = 2147483647;
			files = (
			);
			runOnlyForDeploymentPostprocessing = 0;
		};
/* End PBXFrameworksBuildPhase section */

/* Begin PBXGroup section */
		3FDB14C02566B6D800BACC4F = {
			isa = PBXGroup;
			children = (
				3FDB14CB2566B6D800BACC4F /* myAlertApp */,
				3FDB14CA2566B6D800BACC4F /* Products */,
			);
			sourceTree = "<group>";
		};
		3FDB14CA2566B6D800BACC4F /* Products */ = {
			isa = PBXGroup;
			children = (
				3FDB14C92566B6D800BACC4F /* myAlertApp.app */,
			);
			name = Products;
			sourceTree = "<group>";
		};
		3FDB14CB2566B6D800BACC4F /* myAlertApp */ = {
			isa = PBXGroup;
			children = (
				3FDB14CC2566B6D800BACC4F /* AppDelegate.swift */,
				3FDB14CE2566B6D800BACC4F /* SceneDelegate.swift */,
				3FDB14D02566B6D800BACC4F /* ViewController.swift */,
				3FDB14D22566B6D800BACC4F /* Main.storyboard */,
				3FDB14D52566B6DA00BACC4F /* Assets.xcassets */,
				3FDB14D72566B6DA00BACC4F /* LaunchScreen.storyboard */,
				3FDB14DA2566B6DA00BACC4F /* Info.plist */,
			);
			path = myAlertApp;
			sourceTree = "<group>";
		};
/* End PBXGroup section */

/* Begin PBXNativeTarget section */
		3FDB14C82566B6D800BACC4F /* myAlertApp */ = {
			isa = PBXNativeTarget;
			buildConfigurationList = 3FDB14DD2566B6DA00BACC4F /* Build configuration list for PBXNativeTarget "myAlertApp" */;
			buildPhases = (
				3FDB14C52566B6D800BACC4F /* Sources */,
				3FDB14C62566B6D800BACC4F /* Frameworks */,
				3FDB14C72566B6D800BACC4F /* Resources */,
			);
			buildRules = (
			);
			dependencies = (
			);
			name = myAlertApp;
			productName = myAlertApp;
			productReference = 3FDB14C92566B6D800BACC4F /* myAlertApp.app */;
			productType = "com.apple.product-type.application";
		};
/* End PBXNativeTarget section */

/* Begin PBXProject section */
		3FDB14C12566B6D800BACC4F /* Project object */ = {
			isa = PBXProject;
			attributes = {
				LastSwiftUpdateCheck = 1200;
				LastUpgradeCheck = 1200;
				TargetAttributes = {
					3FDB14C82566B6D800BACC4F = {
						CreatedOnToolsVersion = 12.0.1;
					};
				};
			};
			buildConfigurationList = 3FDB14C42566B6D800BACC4F /* Build configuration list for PBXProject "myAlertApp" */;
			compatibilityVersion = "Xcode 9.3";
			developmentRegion = en;
			hasScannedForEncodings = 0;
			knownRegions = (
				en,
				Base,
			);
			mainGroup = 3FDB14C02566B6D800BACC4F;
			productRefGroup = 3FDB14CA2566B6D800BACC4F /* Products */;
			projectDirPath = "";
			projectRoot = "";
			targets = (
				3FDB14C82566B6D800BACC4F /* myAlertApp */,
			);
		};
/* End PBXProject section */

/* Begin PBXResourcesBuildPhase section */
		3FDB14C72566B6D800BACC4F /* Resources */ = {
			isa = PBXResourcesBuildPhase;
			buildActionMask = 2147483647;
			files = (
				3FDB14D92566B6DA00BACC4F /* LaunchScreen.storyboard in Resources */,
				3FDB14D62566B6DA00BACC4F /* Assets.xcassets in Resources */,
				3FDB14D42566B6D800BACC4F /* Main.storyboard in Resources */,
			);
			runOnlyForDeploymentPostprocessing = 0;
		};
/* End PBXResourcesBuildPhase section */

/* Begin PBXSourcesBuildPhase section */
		3FDB14C52566B6D800BACC4F /* Sources */ = {
			isa = PBXSourcesBuildPhase;
			buildActionMask = 2147483647;
			files = (
				3FDB14D12566B6D800BACC4F /* ViewController.swift in Sources */,
				3FDB14CD2566B6D800BACC4F /* AppDelegate.swift in Sources */,
				3FDB14CF2566B6D800BACC4F /* SceneDelegate.swift in Sources */,
			);
			runOnlyForDeploymentPostprocessing = 0;
		};
/* End PBXSourcesBuildPhase section */

/* Begin PBXVariantGroup section */
		3FDB14D22566B6D800BACC4F /* Main.storyboard */ = {
			isa = PBXVariantGroup;
			children = (
				3FDB14D32566B6D800BACC4F /* Base */,
			);
			name = Main.storyboard;
			sourceTree = "<group>";
		};
		3FDB14D72566B6DA00BACC4F /* LaunchScreen.storyboard */ = {
			isa = PBXVariantGroup;
			children = (
				3FDB14D82566B6DA00BACC4F /* Base */,
			);
			name = LaunchScreen.storyboard;
			sourceTree = "<group>";
		};
/* End PBXVariantGroup section */

/* Begin XCBuildConfiguration section */
		3FDB14DB2566B6DA00BACC4F /* Debug */ = {
			isa = XCBuildConfiguration;
			buildSettings = {
				ALWAYS_SEARCH_USER_PATHS = NO;
				CLANG_ANALYZER_NONNULL = YES;
				CLANG_ANALYZER_NUMBER_OBJECT_CONVERSION = YES_AGGRESSIVE;
				CLANG_CXX_LANGUAGE_STANDARD = "gnu++14";
				CLANG_CXX_LIBRARY = "libc++";
				CLANG_ENABLE_MODULES = YES;
				CLANG_ENABLE_OBJC_ARC = YES;
				CLANG_ENABLE_OBJC_WEAK = YES;
				CLANG_WARN_BLOCK_CAPTURE_AUTORELEASING = YES;
				CLANG_WARN_BOOL_CONVERSION = YES;
				CLANG_WARN_COMMA = YES;
				CLANG_WARN_CONSTANT_CONVERSION = YES;
				CLANG_WARN_DEPRECATED_OBJC_IMPLEMENTATIONS = YES;
				CLANG_WARN_DIRECT_OBJC_ISA_USAGE = YES_ERROR;
				CLANG_WARN_DOCUMENTATION_COMMENTS = YES;
				CLANG_WARN_EMPTY_BODY = YES;
				CLANG_WARN_ENUM_CONVERSION = YES;
				CLANG_WARN_INFINITE_RECURSION = YES;
				CLANG_WARN_INT_CONVERSION = YES;
				CLANG_WARN_NON_LITERAL_NULL_CONVERSION = YES;
				CLANG_WARN_OBJC_IMPLICIT_RETAIN_SELF = YES;
				CLANG_WARN_OBJC_LITERAL_CONVERSION = YES;
				CLANG_WARN_OBJC_ROOT_CLASS = YES_ERROR;
				CLANG_WARN_QUOTED_INCLUDE_IN_FRAMEWORK_HEADER = YES;
				CLANG_WARN_RANGE_LOOP_ANALYSIS = YES;
				CLANG_WARN_STRICT_PROTOTYPES = YES;
				CLANG_WARN_SUSPICIOUS_MOVE = YES;
				CLANG_WARN_UNGUARDED_AVAILABILITY = YES_AGGRESSIVE;
				CLANG_WARN_UNREACHABLE_CODE = YES;
				CLANG_WARN__DUPLICATE_METHOD_MATCH = YES;
				COPY_PHASE_STRIP = NO;
				DEBUG_INFORMATION_FORMAT = dwarf;
				ENABLE_STRICT_OBJC_MSGSEND = YES;
				ENABLE_TESTABILITY = YES;
				GCC_C_LANGUAGE_STANDARD = gnu11;
				GCC_DYNAMIC_NO_PIC = NO;
				GCC_NO_COMMON_BLOCKS = YES;
				GCC_OPTIMIZATION_LEVEL = 0;
				GCC_PREPROCESSOR_DEFINITIONS = (
					"DEBUG=1",
					"$(inherited)",
				);
				GCC_WARN_64_TO_32_BIT_CONVERSION = YES;
				GCC_WARN_ABOUT_RETURN_TYPE = YES_ERROR;
				GCC_WARN_UNDECLARED_SELECTOR = YES;
				GCC_WARN_UNINITIALIZED_AUTOS = YES_AGGRESSIVE;
				GCC_WARN_UNUSED_FUNCTION = YES;
				GCC_WARN_UNUSED_VARIABLE = YES;
				IPHONEOS_DEPLOYMENT_TARGET = 14.0;
				MTL_ENABLE_DEBUG_INFO = INCLUDE_SOURCE;
				MTL_FAST_MATH = YES;
				ONLY_ACTIVE_ARCH = YES;
				SDKROOT = iphoneos;
				SWIFT_ACTIVE_COMPILATION_CONDITIONS = DEBUG;
				SWIFT_OPTIMIZATION_LEVEL = "-Onone";
			};
			name = Debug;
		};
		3FDB14DC2566B6DA00BACC4F /* Release */ = {
			isa = XCBuildConfiguration;
			buildSettings = {
				ALWAYS_SEARCH_USER_PATHS = NO;
				CLANG_ANALYZER_NONNULL = YES;
				CLANG_ANALYZER_NUMBER_OBJECT_CONVERSION = YES_AGGRESSIVE;
				CLANG_CXX_LANGUAGE_STANDARD = "gnu++14";
				CLANG_CXX_LIBRARY = "libc++";
				CLANG_ENABLE_MODULES = YES;
				CLANG_ENABLE_OBJC_ARC = YES;
				CLANG_ENABLE_OBJC_WEAK = YES;
				CLANG_WARN_BLOCK_CAPTURE_AUTORELEASING = YES;
				CLANG_WARN_BOOL_CONVERSION = YES;
				CLANG_WARN_COMMA = YES;
				CLANG_WARN_CONSTANT_CONVERSION = YES;
				CLANG_WARN_DEPRECATED_OBJC_IMPLEMENTATIONS = YES;
				CLANG_WARN_DIRECT_OBJC_ISA_USAGE = YES_ERROR;
				CLANG_WARN_DOCUMENTATION_COMMENTS = YES;
				CLANG_WARN_EMPTY_BODY = YES;
				CLANG_WARN_ENUM_CONVERSION = YES;
				CLANG_WARN_INFINITE_RECURSION = YES;
				CLANG_WARN_INT_CONVERSION = YES;
				CLANG_WARN_NON_LITERAL_NULL_CONVERSION = YES;
				CLANG_WARN_OBJC_IMPLICIT_RETAIN_SELF = YES;
				CLANG_WARN_OBJC_LITERAL_CONVERSION = YES;
				CLANG_WARN_OBJC_ROOT_CLASS = YES_ERROR;
				CLANG_WARN_QUOTED_INCLUDE_IN_FRAMEWORK_HEADER = YES;
				CLANG_WARN_RANGE_LOOP_ANALYSIS = YES;
				CLANG_WARN_STRICT_PROTOTYPES = YES;
				CLANG_WARN_SUSPICIOUS_MOVE = YES;
				CLANG_WARN_UNGUARDED_AVAILABILITY = YES_AGGRESSIVE;
				CLANG_WARN_UNREACHABLE_CODE = YES;
				CLANG_WARN__DUPLICATE_METHOD_MATCH = YES;
				COPY_PHASE_STRIP = NO;
				DEBUG_INFORMATION_FORMAT = "dwarf-with-dsym";
				ENABLE_NS_ASSERTIONS = NO;
				ENABLE_STRICT_OBJC_MSGSEND = YES;
				GCC_C_LANGUAGE_STANDARD = gnu11;
				GCC_NO_COMMON_BLOCKS = YES;
				GCC_WARN_64_TO_32_BIT_CONVERSION = YES;
				GCC_WARN_ABOUT_RETURN_TYPE = YES_ERROR;
				GCC_WARN_UNDECLARED_SELECTOR = YES;
				GCC_WARN_UNINITIALIZED_AUTOS = YES_AGGRESSIVE;
				GCC_WARN_UNUSED_FUNCTION = YES;
				GCC_WARN_UNUSED_VARIABLE = YES;
				IPHONEOS_DEPLOYMENT_TARGET = 14.0;
				MTL_ENABLE_DEBUG_INFO = NO;
				MTL_FAST_MATH = YES;
				SDKROOT = iphoneos;
				SWIFT_COMPILATION_MODE = wholemodule;
				SWIFT_OPTIMIZATION_LEVEL = "-O";
				VALIDATE_PRODUCT = YES;
			};
			name = Release;
		};
		3FDB14DE2566B6DA00BACC4F /* Debug */ = {
			isa = XCBuildConfiguration;
			buildSettings = {
				ASSETCATALOG_COMPILER_APPICON_NAME = AppIcon;
				ASSETCATALOG_COMPILER_GLOBAL_ACCENT_COLOR_NAME = AccentColor;
				CODE_SIGN_STYLE = Automatic;
				DEVELOPMENT_TEAM = W6WW6N88U8;
				INFOPLIST_FILE = myAlertApp/Info.plist;
				LD_RUNPATH_SEARCH_PATHS = (
					"$(inherited)",
					"@executable_path/Frameworks",
				);
				PRODUCT_BUNDLE_IDENTIFIER = com.ozdemircibaris.myAlertApp;
				PRODUCT_NAME = "$(TARGET_NAME)";
				SWIFT_VERSION = 5.0;
				TARGETED_DEVICE_FAMILY = "1,2";
			};
			name = Debug;
		};
		3FDB14DF2566B6DA00BACC4F /* Release */ = {
			isa = XCBuildConfiguration;
			buildSettings = {
				ASSETCATALOG_COMPILER_APPICON_NAME = AppIcon;
				ASSETCATALOG_COMPILER_GLOBAL_ACCENT_COLOR_NAME = AccentColor;
				CODE_SIGN_STYLE = Automatic;
				DEVELOPMENT_TEAM = W6WW6N88U8;
				INFOPLIST_FILE = myAlertApp/Info.plist;
				LD_RUNPATH_SEARCH_PATHS = (
					"$(inherited)",
					"@executable_path/Frameworks",
				);
				PRODUCT_BUNDLE_IDENTIFIER = com.ozdemircibaris.myAlertApp;
				PRODUCT_NAME = "$(TARGET_NAME)";
				SWIFT_VERSION = 5.0;
				TARGETED_DEVICE_FAMILY = "1,2";
			};
			name = Release;
		};
/* End XCBuildConfiguration section */

/* Begin XCConfigurationList section */
		3FDB14C42566B6D800BACC4F /* Build configuration list for PBXProject "myAlertApp" */ = {
			isa = XCConfigurationList;
			buildConfigurations = (
				3FDB14DB2566B6DA00BACC4F /* Debug */,
				3FDB14DC2566B6DA00BACC4F /* Release */,
			);
			defaultConfigurationIsVisible = 0;
			defaultConfigurationName = Release;
		};
		3FDB14DD2566B6DA00BACC4F /* Build configuration list for PBXNativeTarget "myAlertApp" */ = {
			isa = XCConfigurationList;
			buildConfigurations = (
				3FDB14DE2566B6DA00BACC4F /* Debug */,
				3FDB14DF2566B6DA00BACC4F /* Release */,
			);
			defaultConfigurationIsVisible = 0;
			defaultConfigurationName = Release;
		};
/* End XCConfigurationList section */
	};
	rootObject = 3FDB14C12566B6D800BACC4F /* Project object */;
}
